
Microsoft Visual Studio Solution File, Format Version 12.00
# Visual Studio Version 17
VisualStudioVersion = 17.14.36603.0 d17.14
MinimumVisualStudioVersion = 10.0.40219.1
Project("{FAE04EC0-301F-11D3-BF4B-00C04F79EFBC}") = "FARMACIA SIMILAR", "FARMACIA SIMILAR\FARMACIA SIMILAR.csproj", "{233AAE32-4C01-4850-8685-8F7EB90B2A06}"
EndProject
Global
	GlobalSection(SolutionConfigurationPlatforms) = preSolution
		Debug|Any CPU = Debug|Any CPU
		Release|Any CPU = Release|Any CPU
	EndGlobalSection
	GlobalSection(ProjectConfigurationPlatforms) = postSolution
		{233AAE32-4C01-4850-8685-8F7EB90B2A06}.Debug|Any CPU.ActiveCfg = Debug|Any CPU
		{233AAE32-4C01-4850-8685-8F7EB90B2A06}.Debug|Any CPU.Build.0 = Debug|Any CPU
		{233AAE32-4C01-4850-8685-8F7EB90B2A06}.Release|Any CPU.ActiveCfg = Release|Any CPU
		{233AAE32-4C01-4850-8685-8F7EB90B2A06}.Release|Any CPU.Build.0 = Release|Any CPU
	EndGlobalSection
	GlobalSection(SolutionProperties) = preSolution
		HideSolutionNode = FALSE
	EndGlobalSection
	GlobalSection(ExtensibilityGlobals) = postSolution
		SolutionGuid = {C5B2AF55-CD47-4C8D-B963-F552ACEF71B1}
	EndGlobalSection
EndGlobal
